
Microsoft Visual Studio Solution File, Format Version 12.00
# Visual Studio 14
VisualStudioVersion = 14.0.24720.0
MinimumVisualStudioVersion = 10.0.40219.1
Project("{FAE04EC0-301F-11D3-BF4B-00C04F79EFBC}") = "Algorithm", "Algorithm\Algorithm.csproj", "{E567640D-DEF0-4294-B0D4-448EB61A57A7}"
EndProject
Project("{F088123C-0E9E-452A-89E6-6BA2F21D5CAC}") = "ModelingProject2", "ModelingProject2\ModelingProject2.modelproj", "{5D001D86-E26A-47C3-889C-2D18440082A8}"
EndProject
Global
	GlobalSection(SolutionConfigurationPlatforms) = preSolution
		Debug|Any CPU = Debug|Any CPU
		Release|Any CPU = Release|Any CPU
	EndGlobalSection
	GlobalSection(ProjectConfigurationPlatforms) = postSolution
		{E567640D-DEF0-4294-B0D4-448EB61A57A7}.Debug|Any CPU.ActiveCfg = Debug|Any CPU
		{E567640D-DEF0-4294-B0D4-448EB61A57A7}.Debug|Any CPU.Build.0 = Debug|Any CPU
		{E567640D-DEF0-4294-B0D4-448EB61A57A7}.Release|Any CPU.ActiveCfg = Release|Any CPU
		{E567640D-DEF0-4294-B0D4-448EB61A57A7}.Release|Any CPU.Build.0 = Release|Any CPU
		{5D001D86-E26A-47C3-889C-2D18440082A8}.Debug|Any CPU.ActiveCfg = Debug|Any CPU
		{5D001D86-E26A-47C3-889C-2D18440082A8}.Debug|Any CPU.Build.0 = Debug|Any CPU
		{5D001D86-E26A-47C3-889C-2D18440082A8}.Release|Any CPU.ActiveCfg = Release|Any CPU
		{5D001D86-E26A-47C3-889C-2D18440082A8}.Release|Any CPU.Build.0 = Release|Any CPU
	EndGlobalSection
	GlobalSection(SolutionProperties) = preSolution
		HideSolutionNode = FALSE
	EndGlobalSection
EndGlobal
